
Microsoft Visual Studio Solution File, Format Version 12.00
# Visual Studio Version 17
VisualStudioVersion = 17.7.34031.279
MinimumVisualStudioVersion = 10.0.40219.1
Project("{8BC9CEB8-8B4A-11D0-8D11-00A0C91BC942}") = "dz2++_Ser", "dz2++_Ser\dz2++_Ser.vcxproj", "{E4460A7D-DC69-4615-9BD2-A2329B90ED24}"
EndProject
Global
	GlobalSection(SolutionConfigurationPlatforms) = preSolution
		Debug|x64 = Debug|x64
		Debug|x86 = Debug|x86
		Release|x64 = Release|x64
		Release|x86 = Release|x86
	EndGlobalSection
	GlobalSection(ProjectConfigurationPlatforms) = postSolution
		{E4460A7D-DC69-4615-9BD2-A2329B90ED24}.Debug|x64.ActiveCfg = Debug|x64
		{E4460A7D-DC69-4615-9BD2-A2329B90ED24}.Debug|x64.Build.0 = Debug|x64
		{E4460A7D-DC69-4615-9BD2-A2329B90ED24}.Debug|x86.ActiveCfg = Debug|Win32
		{E4460A7D-DC69-4615-9BD2-A2329B90ED24}.Debug|x86.Build.0 = Debug|Win32
		{E4460A7D-DC69-4615-9BD2-A2329B90ED24}.Release|x64.ActiveCfg = Release|x64
		{E4460A7D-DC69-4615-9BD2-A2329B90ED24}.Release|x64.Build.0 = Release|x64
		{E4460A7D-DC69-4615-9BD2-A2329B90ED24}.Release|x86.ActiveCfg = Release|Win32
		{E4460A7D-DC69-4615-9BD2-A2329B90ED24}.Release|x86.Build.0 = Release|Win32
	EndGlobalSection
	GlobalSection(SolutionProperties) = preSolution
		HideSolutionNode = FALSE
	EndGlobalSection
	GlobalSection(ExtensibilityGlobals) = postSolution
		SolutionGuid = {E6BF1D96-FED2-43E8-B877-65EED8062768}
	EndGlobalSection
EndGlobal
